
Microsoft Visual Studio Solution File, Format Version 12.00
# Visual Studio 15
VisualStudioVersion = 15.0.28307.1209
MinimumVisualStudioVersion = 10.0.40219.1
Project("{888888A0-9F3D-457C-B088-3A5042F75D52}") = "time_series_prediction_demo", "time_series_prediction_demo\time_series_prediction_demo.pyproj", "{4E1D3496-18D0-4948-9EF6-977207CA1606}"
EndProject
Global
	GlobalSection(SolutionConfigurationPlatforms) = preSolution
		Debug|Any CPU = Debug|Any CPU
		Release|Any CPU = Release|Any CPU
	EndGlobalSection
	GlobalSection(ProjectConfigurationPlatforms) = postSolution
		{4E1D3496-18D0-4948-9EF6-977207CA1606}.Debug|Any CPU.ActiveCfg = Debug|Any CPU
		{4E1D3496-18D0-4948-9EF6-977207CA1606}.Release|Any CPU.ActiveCfg = Release|Any CPU
	EndGlobalSection
	GlobalSection(SolutionProperties) = preSolution
		HideSolutionNode = FALSE
	EndGlobalSection
	GlobalSection(ExtensibilityGlobals) = postSolution
		SolutionGuid = {1B9E95C8-CA27-4451-8C51-9CD87D583C93}
	EndGlobalSection
EndGlobal
